// !$*UTF8*$!
{
	archiveVersion = 1;
	classes = {
	};
	objectVersion = 56;
	objects = {

/* Begin PBXBuildFile section */
		B47B028D2C55E65200CFFAF3 /* CardDetailsView.swift in Sources */ = {isa = PBXBuildFile; fileRef = B47B028C2C55E65200CFFAF3 /* CardDetailsView.swift */; };
		B47B028F2C57008F00CFFAF3 /* LiveCardsViewModelTests.swift in Sources */ = {isa = PBXBuildFile; fileRef = B47B028E2C57008F00CFFAF3 /* LiveCardsViewModelTests.swift */; };
		B47B02922C57086000CFFAF3 /* MockCardRepository.swift in Sources */ = {isa = PBXBuildFile; fileRef = B47B02912C57086000CFFAF3 /* MockCardRepository.swift */; };
		B47B02942C570C9100CFFAF3 /* CardRepositoryTests.swift in Sources */ = {isa = PBXBuildFile; fileRef = B47B02932C570C9100CFFAF3 /* CardRepositoryTests.swift */; };
		B4AE08612C53701200643F06 /* CardsApp.swift in Sources */ = {isa = PBXBuildFile; fileRef = B4AE08602C53701200643F06 /* CardsApp.swift */; };
		B4AE08652C53701300643F06 /* Assets.xcassets in Resources */ = {isa = PBXBuildFile; fileRef = B4AE08642C53701300643F06 /* Assets.xcassets */; };
		B4AE08682C53701300643F06 /* Preview Assets.xcassets in Resources */ = {isa = PBXBuildFile; fileRef = B4AE08672C53701300643F06 /* Preview Assets.xcassets */; };
		B4AE08722C53701300643F06 /* SavedCardsViewModelTests.swift in Sources */ = {isa = PBXBuildFile; fileRef = B4AE08712C53701300643F06 /* SavedCardsViewModelTests.swift */; };
		B4AE08912C5456F900643F06 /* LiveCardsViewModel.swift in Sources */ = {isa = PBXBuildFile; fileRef = B4AE08902C5456F900643F06 /* LiveCardsViewModel.swift */; };
		B4AE08932C54570A00643F06 /* LiveCardsView.swift in Sources */ = {isa = PBXBuildFile; fileRef = B4AE08922C54570A00643F06 /* LiveCardsView.swift */; };
		B4AE08972C54573C00643F06 /* Cards.swift in Sources */ = {isa = PBXBuildFile; fileRef = B4AE08962C54573C00643F06 /* Cards.swift */; };
		B4AE08992C545E7B00643F06 /* CardView.swift in Sources */ = {isa = PBXBuildFile; fileRef = B4AE08982C545E7B00643F06 /* CardView.swift */; };
		B4AE089C2C546B1700643F06 /* CardRepository.swift in Sources */ = {isa = PBXBuildFile; fileRef = B4AE089B2C546B1700643F06 /* CardRepository.swift */; };
		B4AE08A12C54B8F000643F06 /* DBHelper.swift in Sources */ = {isa = PBXBuildFile; fileRef = B4AE08A02C54B8F000643F06 /* DBHelper.swift */; };
		B4AE08A32C54C41800643F06 /* SavedCardsView.swift in Sources */ = {isa = PBXBuildFile; fileRef = B4AE08A22C54C41800643F06 /* SavedCardsView.swift */; };
		B4AE08AB2C55836E00643F06 /* SavedCardsViewModel.swift in Sources */ = {isa = PBXBuildFile; fileRef = B4AE08AA2C55836E00643F06 /* SavedCardsViewModel.swift */; };
		B4AE08AD2C558ED400643F06 /* EmptyCardView.swift in Sources */ = {isa = PBXBuildFile; fileRef = B4AE08AC2C558ED400643F06 /* EmptyCardView.swift */; };
/* End PBXBuildFile section */

/* Begin PBXContainerItemProxy section */
		B4AE086E2C53701300643F06 /* PBXContainerItemProxy */ = {
			isa = PBXContainerItemProxy;
			containerPortal = B4AE08552C53701200643F06 /* Project object */;
			proxyType = 1;
			remoteGlobalIDString = B4AE085C2C53701200643F06;
			remoteInfo = Cards;
		};
/* End PBXContainerItemProxy section */

/* Begin PBXFileReference section */
		B47B028C2C55E65200CFFAF3 /* CardDetailsView.swift */ = {isa = PBXFileReference; lastKnownFileType = sourcecode.swift; path = CardDetailsView.swift; sourceTree = "<group>"; };
		B47B028E2C57008F00CFFAF3 /* LiveCardsViewModelTests.swift */ = {isa = PBXFileReference; lastKnownFileType = sourcecode.swift; path = LiveCardsViewModelTests.swift; sourceTree = "<group>"; };
		B47B02912C57086000CFFAF3 /* MockCardRepository.swift */ = {isa = PBXFileReference; lastKnownFileType = sourcecode.swift; path = MockCardRepository.swift; sourceTree = "<group>"; };
		B47B02932C570C9100CFFAF3 /* CardRepositoryTests.swift */ = {isa = PBXFileReference; lastKnownFileType = sourcecode.swift; path = CardRepositoryTests.swift; sourceTree = "<group>"; };
		B4AE085D2C53701200643F06 /* Cards.app */ = {isa = PBXFileReference; explicitFileType = wrapper.application; includeInIndex = 0; path = Cards.app; sourceTree = BUILT_PRODUCTS_DIR; };
		B4AE08602C53701200643F06 /* CardsApp.swift */ = {isa = PBXFileReference; lastKnownFileType = sourcecode.swift; path = CardsApp.swift; sourceTree = "<group>"; };
		B4AE08642C53701300643F06 /* Assets.xcassets */ = {isa = PBXFileReference; lastKnownFileType = folder.assetcatalog; path = Assets.xcassets; sourceTree = "<group>"; };
		B4AE08672C53701300643F06 /* Preview Assets.xcassets */ = {isa = PBXFileReference; lastKnownFileType = folder.assetcatalog; path = "Preview Assets.xcassets"; sourceTree = "<group>"; };
		B4AE086D2C53701300643F06 /* CardsTests.xctest */ = {isa = PBXFileReference; explicitFileType = wrapper.cfbundle; includeInIndex = 0; path = CardsTests.xctest; sourceTree = BUILT_PRODUCTS_DIR; };
		B4AE08712C53701300643F06 /* SavedCardsViewModelTests.swift */ = {isa = PBXFileReference; lastKnownFileType = sourcecode.swift; path = SavedCardsViewModelTests.swift; sourceTree = "<group>"; };
		B4AE08902C5456F900643F06 /* LiveCardsViewModel.swift */ = {isa = PBXFileReference; lastKnownFileType = sourcecode.swift; path = LiveCardsViewModel.swift; sourceTree = "<group>"; };
		B4AE08922C54570A00643F06 /* LiveCardsView.swift */ = {isa = PBXFileReference; lastKnownFileType = sourcecode.swift; path = LiveCardsView.swift; sourceTree = "<group>"; };
		B4AE08962C54573C00643F06 /* Cards.swift */ = {isa = PBXFileReference; lastKnownFileType = sourcecode.swift; path = Cards.swift; sourceTree = "<group>"; };
		B4AE08982C545E7B00643F06 /* CardView.swift */ = {isa = PBXFileReference; lastKnownFileType = sourcecode.swift; path = CardView.swift; sourceTree = "<group>"; };
		B4AE089B2C546B1700643F06 /* CardRepository.swift */ = {isa = PBXFileReference; lastKnownFileType = sourcecode.swift; path = CardRepository.swift; sourceTree = "<group>"; };
		B4AE08A02C54B8F000643F06 /* DBHelper.swift */ = {isa = PBXFileReference; lastKnownFileType = sourcecode.swift; path = DBHelper.swift; sourceTree = "<group>"; };
		B4AE08A22C54C41800643F06 /* SavedCardsView.swift */ = {isa = PBXFileReference; lastKnownFileType = sourcecode.swift; path = SavedCardsView.swift; sourceTree = "<group>"; };
		B4AE08AA2C55836E00643F06 /* SavedCardsViewModel.swift */ = {isa = PBXFileReference; lastKnownFileType = sourcecode.swift; path = SavedCardsViewModel.swift; sourceTree = "<group>"; };
		B4AE08AC2C558ED400643F06 /* EmptyCardView.swift */ = {isa = PBXFileReference; lastKnownFileType = sourcecode.swift; path = EmptyCardView.swift; sourceTree = "<group>"; };
/* End PBXFileReference section */

/* Begin PBXFrameworksBuildPhase section */
		B4AE085A2C53701200643F06 /* Frameworks */ = {
			isa = PBXFrameworksBuildPhase;
			buildActionMask = 2147483647;
			files = (
			);
			runOnlyForDeploymentPostprocessing = 0;
		};
		B4AE086A2C53701300643F06 /* Frameworks */ = {
			isa = PBXFrameworksBuildPhase;
			buildActionMask = 2147483647;
			files = (
			);
			runOnlyForDeploymentPostprocessing = 0;
		};
/* End PBXFrameworksBuildPhase section */

/* Begin PBXGroup section */
		B47B02902C57084900CFFAF3 /* Mock */ = {
			isa = PBXGroup;
			children = (
				B47B02912C57086000CFFAF3 /* MockCardRepository.swift */,
			);
			path = Mock;
			sourceTree = "<group>";
		};
		B4AE08542C53701200643F06 = {
			isa = PBXGroup;
			children = (
				B4AE085F2C53701200643F06 /* Cards */,
				B4AE08702C53701300643F06 /* CardsTests */,
				B4AE085E2C53701200643F06 /* Products */,
			);
			sourceTree = "<group>";
		};
		B4AE085E2C53701200643F06 /* Products */ = {
			isa = PBXGroup;
			children = (
				B4AE085D2C53701200643F06 /* Cards.app */,
				B4AE086D2C53701300643F06 /* CardsTests.xctest */,
			);
			name = Products;
			sourceTree = "<group>";
		};
		B4AE085F2C53701200643F06 /* Cards */ = {
			isa = PBXGroup;
			children = (
				B4AE08602C53701200643F06 /* CardsApp.swift */,
				B4AE08642C53701300643F06 /* Assets.xcassets */,
				B4AE089A2C546AFB00643F06 /* Repository */,
				B4AE089D2C54AA9D00643F06 /* DBManager */,
				B4AE088A2C54560400643F06 /* Modules */,
				B4AE08662C53701300643F06 /* Preview Content */,
			);
			path = Cards;
			sourceTree = "<group>";
		};
		B4AE08662C53701300643F06 /* Preview Content */ = {
			isa = PBXGroup;
			children = (
				B4AE08672C53701300643F06 /* Preview Assets.xcassets */,
			);
			path = "Preview Content";
			sourceTree = "<group>";
		};
		B4AE08702C53701300643F06 /* CardsTests */ = {
			isa = PBXGroup;
			children = (
				B47B02902C57084900CFFAF3 /* Mock */,
				B4AE08712C53701300643F06 /* SavedCardsViewModelTests.swift */,
				B47B028E2C57008F00CFFAF3 /* LiveCardsViewModelTests.swift */,
				B47B02932C570C9100CFFAF3 /* CardRepositoryTests.swift */,
			);
			path = CardsTests;
			sourceTree = "<group>";
		};
		B4AE088A2C54560400643F06 /* Modules */ = {
			isa = PBXGroup;
			children = (
				B4AE08A42C55814F00643F06 /* SavedCards */,
				B4AE088B2C54562200643F06 /* Live Cards */,
			);
			path = Modules;
			sourceTree = "<group>";
		};
		B4AE088B2C54562200643F06 /* Live Cards */ = {
			isa = PBXGroup;
			children = (
				B4AE088F2C54568600643F06 /* Models */,
				B4AE088E2C54567C00643F06 /* Views */,
				B4AE088C2C54565C00643F06 /* ViewModels */,
			);
			path = "Live Cards";
			sourceTree = "<group>";
		};
		B4AE088C2C54565C00643F06 /* ViewModels */ = {
			isa = PBXGroup;
			children = (
				B4AE08902C5456F900643F06 /* LiveCardsViewModel.swift */,
			);
			path = ViewModels;
			sourceTree = "<group>";
		};
		B4AE088E2C54567C00643F06 /* Views */ = {
			isa = PBXGroup;
			children = (
				B47B028C2C55E65200CFFAF3 /* CardDetailsView.swift */,
				B4AE08922C54570A00643F06 /* LiveCardsView.swift */,
				B4AE08982C545E7B00643F06 /* CardView.swift */,
			);
			path = Views;
			sourceTree = "<group>";
		};
		B4AE088F2C54568600643F06 /* Models */ = {
			isa = PBXGroup;
			children = (
				B4AE08962C54573C00643F06 /* Cards.swift */,
			);
			path = Models;
			sourceTree = "<group>";
		};
		B4AE089A2C546AFB00643F06 /* Repository */ = {
			isa = PBXGroup;
			children = (
				B4AE089B2C546B1700643F06 /* CardRepository.swift */,
			);
			path = Repository;
			sourceTree = "<group>";
		};
		B4AE089D2C54AA9D00643F06 /* DBManager */ = {
			isa = PBXGroup;
			children = (
				B4AE08A02C54B8F000643F06 /* DBHelper.swift */,
			);
			path = DBManager;
			sourceTree = "<group>";
		};
		B4AE08A42C55814F00643F06 /* SavedCards */ = {
			isa = PBXGroup;
			children = (
				B4AE08A52C55818400643F06 /* Views */,
				B4AE08A62C5581C200643F06 /* ViewModels */,
			);
			path = SavedCards;
			sourceTree = "<group>";
		};
		B4AE08A52C55818400643F06 /* Views */ = {
			isa = PBXGroup;
			children = (
				B4AE08A22C54C41800643F06 /* SavedCardsView.swift */,
				B4AE08AC2C558ED400643F06 /* EmptyCardView.swift */,
			);
			path = Views;
			sourceTree = "<group>";
		};
		B4AE08A62C5581C200643F06 /* ViewModels */ = {
			isa = PBXGroup;
			children = (
				B4AE08AA2C55836E00643F06 /* SavedCardsViewModel.swift */,
			);
			path = ViewModels;
			sourceTree = "<group>";
		};
/* End PBXGroup section */

/* Begin PBXNativeTarget section */
		B4AE085C2C53701200643F06 /* Cards */ = {
			isa = PBXNativeTarget;
			buildConfigurationList = B4AE08812C53701300643F06 /* Build configuration list for PBXNativeTarget "Cards" */;
			buildPhases = (
				B4AE08592C53701200643F06 /* Sources */,
				B4AE085A2C53701200643F06 /* Frameworks */,
				B4AE085B2C53701200643F06 /* Resources */,
			);
			buildRules = (
			);
			dependencies = (
			);
			name = Cards;
			productName = Cards;
			productReference = B4AE085D2C53701200643F06 /* Cards.app */;
			productType = "com.apple.product-type.application";
		};
		B4AE086C2C53701300643F06 /* CardsTests */ = {
			isa = PBXNativeTarget;
			buildConfigurationList = B4AE08842C53701300643F06 /* Build configuration list for PBXNativeTarget "CardsTests" */;
			buildPhases = (
				B4AE08692C53701300643F06 /* Sources */,
				B4AE086A2C53701300643F06 /* Frameworks */,
				B4AE086B2C53701300643F06 /* Resources */,
			);
			buildRules = (
			);
			dependencies = (
				B4AE086F2C53701300643F06 /* PBXTargetDependency */,
			);
			name = CardsTests;
			productName = CardsTests;
			productReference = B4AE086D2C53701300643F06 /* CardsTests.xctest */;
			productType = "com.apple.product-type.bundle.unit-test";
		};
/* End PBXNativeTarget section */

/* Begin PBXProject section */
		B4AE08552C53701200643F06 /* Project object */ = {
			isa = PBXProject;
			attributes = {
				BuildIndependentTargetsInParallel = 1;
				LastSwiftUpdateCheck = 1540;
				LastUpgradeCheck = 1540;
				TargetAttributes = {
					B4AE085C2C53701200643F06 = {
						CreatedOnToolsVersion = 15.4;
					};
					B4AE086C2C53701300643F06 = {
						CreatedOnToolsVersion = 15.4;
						TestTargetID = B4AE085C2C53701200643F06;
					};
				};
			};
			buildConfigurationList = B4AE08582C53701200643F06 /* Build configuration list for PBXProject "Cards" */;
			compatibilityVersion = "Xcode 14.0";
			developmentRegion = en;
			hasScannedForEncodings = 0;
			knownRegions = (
				en,
				Base,
			);
			mainGroup = B4AE08542C53701200643F06;
			productRefGroup = B4AE085E2C53701200643F06 /* Products */;
			projectDirPath = "";
			projectRoot = "";
			targets = (
				B4AE085C2C53701200643F06 /* Cards */,
				B4AE086C2C53701300643F06 /* CardsTests */,
			);
		};
/* End PBXProject section */

/* Begin PBXResourcesBuildPhase section */
		B4AE085B2C53701200643F06 /* Resources */ = {
			isa = PBXResourcesBuildPhase;
			buildActionMask = 2147483647;
			files = (
				B4AE08682C53701300643F06 /* Preview Assets.xcassets in Resources */,
				B4AE08652C53701300643F06 /* Assets.xcassets in Resources */,
			);
			runOnlyForDeploymentPostprocessing = 0;
		};
		B4AE086B2C53701300643F06 /* Resources */ = {
			isa = PBXResourcesBuildPhase;
			buildActionMask = 2147483647;
			files = (
			);
			runOnlyForDeploymentPostprocessing = 0;
		};
/* End PBXResourcesBuildPhase section */

/* Begin PBXSourcesBuildPhase section */
		B4AE08592C53701200643F06 /* Sources */ = {
			isa = PBXSourcesBuildPhase;
			buildActionMask = 2147483647;
			files = (
				B4AE08992C545E7B00643F06 /* CardView.swift in Sources */,
				B4AE089C2C546B1700643F06 /* CardRepository.swift in Sources */,
				B4AE08912C5456F900643F06 /* LiveCardsViewModel.swift in Sources */,
				B47B028D2C55E65200CFFAF3 /* CardDetailsView.swift in Sources */,
				B4AE08A32C54C41800643F06 /* SavedCardsView.swift in Sources */,
				B4AE08A12C54B8F000643F06 /* DBHelper.swift in Sources */,
				B4AE08972C54573C00643F06 /* Cards.swift in Sources */,
				B4AE08AB2C55836E00643F06 /* SavedCardsViewModel.swift in Sources */,
				B4AE08932C54570A00643F06 /* LiveCardsView.swift in Sources */,
				B4AE08AD2C558ED400643F06 /* EmptyCardView.swift in Sources */,
				B4AE08612C53701200643F06 /* CardsApp.swift in Sources */,
			);
			runOnlyForDeploymentPostprocessing = 0;
		};
		B4AE08692C53701300643F06 /* Sources */ = {
			isa = PBXSourcesBuildPhase;
			buildActionMask = 2147483647;
			files = (
				B47B028F2C57008F00CFFAF3 /* LiveCardsViewModelTests.swift in Sources */,
				B47B02942C570C9100CFFAF3 /* CardRepositoryTests.swift in Sources */,
				B4AE08722C53701300643F06 /* SavedCardsViewModelTests.swift in Sources */,
				B47B02922C57086000CFFAF3 /* MockCardRepository.swift in Sources */,
			);
			runOnlyForDeploymentPostprocessing = 0;
		};
/* End PBXSourcesBuildPhase section */

/* Begin PBXTargetDependency section */
		B4AE086F2C53701300643F06 /* PBXTargetDependency */ = {
			isa = PBXTargetDependency;
			target = B4AE085C2C53701200643F06 /* Cards */;
			targetProxy = B4AE086E2C53701300643F06 /* PBXContainerItemProxy */;
		};
/* End PBXTargetDependency section */

/* Begin XCBuildConfiguration section */
		B4AE087F2C53701300643F06 /* Debug */ = {
			isa = XCBuildConfiguration;
			buildSettings = {
				ALWAYS_SEARCH_USER_PATHS = NO;
				ASSETCATALOG_COMPILER_GENERATE_SWIFT_ASSET_SYMBOL_EXTENSIONS = YES;
				CLANG_ANALYZER_NONNULL = YES;
				CLANG_ANALYZER_NUMBER_OBJECT_CONVERSION = YES_AGGRESSIVE;
				CLANG_CXX_LANGUAGE_STANDARD = "gnu++20";
				CLANG_ENABLE_MODULES = YES;
				CLANG_ENABLE_OBJC_ARC = YES;
				CLANG_ENABLE_OBJC_WEAK = YES;
				CLANG_WARN_BLOCK_CAPTURE_AUTORELEASING = YES;
				CLANG_WARN_BOOL_CONVERSION = YES;
				CLANG_WARN_COMMA = YES;
				CLANG_WARN_CONSTANT_CONVERSION = YES;
				CLANG_WARN_DEPRECATED_OBJC_IMPLEMENTATIONS = YES;
				CLANG_WARN_DIRECT_OBJC_ISA_USAGE = YES_ERROR;
				CLANG_WARN_DOCUMENTATION_COMMENTS = YES;
				CLANG_WARN_EMPTY_BODY = YES;
				CLANG_WARN_ENUM_CONVERSION = YES;
				CLANG_WARN_INFINITE_RECURSION = YES;
				CLANG_WARN_INT_CONVERSION = YES;
				CLANG_WARN_NON_LITERAL_NULL_CONVERSION = YES;
				CLANG_WARN_OBJC_IMPLICIT_RETAIN_SELF = YES;
				CLANG_WARN_OBJC_LITERAL_CONVERSION = YES;
				CLANG_WARN_OBJC_ROOT_CLASS = YES_ERROR;
				CLANG_WARN_QUOTED_INCLUDE_IN_FRAMEWORK_HEADER = YES;
				CLANG_WARN_RANGE_LOOP_ANALYSIS = YES;
				CLANG_WARN_STRICT_PROTOTYPES = YES;
				CLANG_WARN_SUSPICIOUS_MOVE = YES;
				CLANG_WARN_UNGUARDED_AVAILABILITY = YES_AGGRESSIVE;
				CLANG_WARN_UNREACHABLE_CODE = YES;
				CLANG_WARN__DUPLICATE_METHOD_MATCH = YES;
				COPY_PHASE_STRIP = NO;
				DEBUG_INFORMATION_FORMAT = dwarf;
				ENABLE_STRICT_OBJC_MSGSEND = YES;
				ENABLE_TESTABILITY = YES;
				ENABLE_USER_SCRIPT_SANDBOXING = YES;
				GCC_C_LANGUAGE_STANDARD = gnu17;
				GCC_DYNAMIC_NO_PIC = NO;
				GCC_NO_COMMON_BLOCKS = YES;
				GCC_OPTIMIZATION_LEVEL = 0;
				GCC_PREPROCESSOR_DEFINITIONS = (
					"DEBUG=1",
					"$(inherited)",
				);
				GCC_WARN_64_TO_32_BIT_CONVERSION = YES;
				GCC_WARN_ABOUT_RETURN_TYPE = YES_ERROR;
				GCC_WARN_UNDECLARED_SELECTOR = YES;
				GCC_WARN_UNINITIALIZED_AUTOS = YES_AGGRESSIVE;
				GCC_WARN_UNUSED_FUNCTION = YES;
				GCC_WARN_UNUSED_VARIABLE = YES;
				IPHONEOS_DEPLOYMENT_TARGET = 17.5;
				LOCALIZATION_PREFERS_STRING_CATALOGS = YES;
				MTL_ENABLE_DEBUG_INFO = INCLUDE_SOURCE;
				MTL_FAST_MATH = YES;
				ONLY_ACTIVE_ARCH = YES;
				SDKROOT = iphoneos;
				SWIFT_ACTIVE_COMPILATION_CONDITIONS = "DEBUG $(inherited)";
				SWIFT_OPTIMIZATION_LEVEL = "-Onone";
			};
			name = Debug;
		};
		B4AE08802C53701300643F06 /* Release */ = {
			isa = XCBuildConfiguration;
			buildSettings = {
				ALWAYS_SEARCH_USER_PATHS = NO;
				ASSETCATALOG_COMPILER_GENERATE_SWIFT_ASSET_SYMBOL_EXTENSIONS = YES;
				CLANG_ANALYZER_NONNULL = YES;
				CLANG_ANALYZER_NUMBER_OBJECT_CONVERSION = YES_AGGRESSIVE;
				CLANG_CXX_LANGUAGE_STANDARD = "gnu++20";
				CLANG_ENABLE_MODULES = YES;
				CLANG_ENABLE_OBJC_ARC = YES;
				CLANG_ENABLE_OBJC_WEAK = YES;
				CLANG_WARN_BLOCK_CAPTURE_AUTORELEASING = YES;
				CLANG_WARN_BOOL_CONVERSION = YES;
				CLANG_WARN_COMMA = YES;
				CLANG_WARN_CONSTANT_CONVERSION = YES;
				CLANG_WARN_DEPRECATED_OBJC_IMPLEMENTATIONS = YES;
				CLANG_WARN_DIRECT_OBJC_ISA_USAGE = YES_ERROR;
				CLANG_WARN_DOCUMENTATION_COMMENTS = YES;
				CLANG_WARN_EMPTY_BODY = YES;
				CLANG_WARN_ENUM_CONVERSION = YES;
				CLANG_WARN_INFINITE_RECURSION = YES;
				CLANG_WARN_INT_CONVERSION = YES;
				CLANG_WARN_NON_LITERAL_NULL_CONVERSION = YES;
				CLANG_WARN_OBJC_IMPLICIT_RETAIN_SELF = YES;
				CLANG_WARN_OBJC_LITERAL_CONVERSION = YES;
				CLANG_WARN_OBJC_ROOT_CLASS = YES_ERROR;
				CLANG_WARN_QUOTED_INCLUDE_IN_FRAMEWORK_HEADER = YES;
				CLANG_WARN_RANGE_LOOP_ANALYSIS = YES;
				CLANG_WARN_STRICT_PROTOTYPES = YES;
				CLANG_WARN_SUSPICIOUS_MOVE = YES;
				CLANG_WARN_UNGUARDED_AVAILABILITY = YES_AGGRESSIVE;
				CLANG_WARN_UNREACHABLE_CODE = YES;
				CLANG_WARN__DUPLICATE_METHOD_MATCH = YES;
				COPY_PHASE_STRIP = NO;
				DEBUG_INFORMATION_FORMAT = "dwarf-with-dsym";
				ENABLE_NS_ASSERTIONS = NO;
				ENABLE_STRICT_OBJC_MSGSEND = YES;
				ENABLE_USER_SCRIPT_SANDBOXING = YES;
				GCC_C_LANGUAGE_STANDARD = gnu17;
				GCC_NO_COMMON_BLOCKS = YES;
				GCC_WARN_64_TO_32_BIT_CONVERSION = YES;
				GCC_WARN_ABOUT_RETURN_TYPE = YES_ERROR;
				GCC_WARN_UNDECLARED_SELECTOR = YES;
				GCC_WARN_UNINITIALIZED_AUTOS = YES_AGGRESSIVE;
				GCC_WARN_UNUSED_FUNCTION = YES;
				GCC_WARN_UNUSED_VARIABLE = YES;
				IPHONEOS_DEPLOYMENT_TARGET = 17.5;
				LOCALIZATION_PREFERS_STRING_CATALOGS = YES;
				MTL_ENABLE_DEBUG_INFO = NO;
				MTL_FAST_MATH = YES;
				SDKROOT = iphoneos;
				SWIFT_COMPILATION_MODE = wholemodule;
				VALIDATE_PRODUCT = YES;
			};
			name = Release;
		};
		B4AE08822C53701300643F06 /* Debug */ = {
			isa = XCBuildConfiguration;
			buildSettings = {
				ASSETCATALOG_COMPILER_APPICON_NAME = AppIcon;
				ASSETCATALOG_COMPILER_GLOBAL_ACCENT_COLOR_NAME = AccentColor;
				ASSETCATALOG_COMPILER_INCLUDE_ALL_APPICON_ASSETS = NO;
				CODE_SIGN_IDENTITY = "Apple Development";
				CODE_SIGN_STYLE = Automatic;
				CURRENT_PROJECT_VERSION = 1;
				DEVELOPMENT_ASSET_PATHS = "\"Cards/Preview Content\"";
				DEVELOPMENT_TEAM = 9Y7K2Z6N3D;
				ENABLE_PREVIEWS = YES;
				GENERATE_INFOPLIST_FILE = YES;
				INFOPLIST_KEY_UIApplicationSceneManifest_Generation = YES;
				INFOPLIST_KEY_UIApplicationSupportsIndirectInputEvents = YES;
				INFOPLIST_KEY_UILaunchScreen_Generation = YES;
				INFOPLIST_KEY_UISupportedInterfaceOrientations = UIInterfaceOrientationPortrait;
				INFOPLIST_KEY_UISupportedInterfaceOrientations_iPad = "UIInterfaceOrientationLandscapeLeft UIInterfaceOrientationLandscapeRight UIInterfaceOrientationPortrait";
				IPHONEOS_DEPLOYMENT_TARGET = 16.0;
				LD_RUNPATH_SEARCH_PATHS = (
					"$(inherited)",
					"@executable_path/Frameworks",
				);
				MARKETING_VERSION = 1.0;
				PRODUCT_BUNDLE_IDENTIFIER = com.cards.com.Cards;
				PRODUCT_NAME = "$(TARGET_NAME)";
				PROVISIONING_PROFILE_SPECIFIER = "";
				SUPPORTED_PLATFORMS = "iphoneos iphonesimulator";
				SUPPORTS_MACCATALYST = NO;
				SUPPORTS_MAC_DESIGNED_FOR_IPHONE_IPAD = NO;
				SUPPORTS_XR_DESIGNED_FOR_IPHONE_IPAD = NO;
				SWIFT_EMIT_LOC_STRINGS = YES;
				SWIFT_VERSION = 5.0;
				TARGETED_DEVICE_FAMILY = 1;
			};
			name = Debug;
		};
		B4AE08832C53701300643F06 /* Release */ = {
			isa = XCBuildConfiguration;
			buildSettings = {
				ASSETCATALOG_COMPILER_APPICON_NAME = AppIcon;
				ASSETCATALOG_COMPILER_GLOBAL_ACCENT_COLOR_NAME = AccentColor;
				ASSETCATALOG_COMPILER_INCLUDE_ALL_APPICON_ASSETS = NO;
				CODE_SIGN_IDENTITY = "Apple Development";
				CODE_SIGN_STYLE = Automatic;
				CURRENT_PROJECT_VERSION = 1;
				DEVELOPMENT_ASSET_PATHS = "\"Cards/Preview Content\"";
				DEVELOPMENT_TEAM = 9Y7K2Z6N3D;
				ENABLE_PREVIEWS = YES;
				GENERATE_INFOPLIST_FILE = YES;
				INFOPLIST_KEY_UIApplicationSceneManifest_Generation = YES;
				INFOPLIST_KEY_UIApplicationSupportsIndirectInputEvents = YES;
				INFOPLIST_KEY_UILaunchScreen_Generation = YES;
				INFOPLIST_KEY_UISupportedInterfaceOrientations = UIInterfaceOrientationPortrait;
				INFOPLIST_KEY_UISupportedInterfaceOrientations_iPad = "UIInterfaceOrientationLandscapeLeft UIInterfaceOrientationLandscapeRight UIInterfaceOrientationPortrait";
				IPHONEOS_DEPLOYMENT_TARGET = 16.0;
				LD_RUNPATH_SEARCH_PATHS = (
					"$(inherited)",
					"@executable_path/Frameworks",
				);
				MARKETING_VERSION = 1.0;
				PRODUCT_BUNDLE_IDENTIFIER = com.cards.com.Cards;
				PRODUCT_NAME = "$(TARGET_NAME)";
				PROVISIONING_PROFILE_SPECIFIER = "";
				SUPPORTED_PLATFORMS = "iphoneos iphonesimulator";
				SUPPORTS_MACCATALYST = NO;
				SUPPORTS_MAC_DESIGNED_FOR_IPHONE_IPAD = NO;
				SUPPORTS_XR_DESIGNED_FOR_IPHONE_IPAD = NO;
				SWIFT_EMIT_LOC_STRINGS = YES;
				SWIFT_VERSION = 5.0;
				TARGETED_DEVICE_FAMILY = 1;
			};
			name = Release;
		};
		B4AE08852C53701300643F06 /* Debug */ = {
			isa = XCBuildConfiguration;
			buildSettings = {
				ALWAYS_EMBED_SWIFT_STANDARD_LIBRARIES = YES;
				BUNDLE_LOADER = "$(TEST_HOST)";
				CODE_SIGN_STYLE = Automatic;
				CURRENT_PROJECT_VERSION = 1;
				DEVELOPMENT_TEAM = 9Y7K2Z6N3D;
				GENERATE_INFOPLIST_FILE = YES;
				IPHONEOS_DEPLOYMENT_TARGET = 16.0;
				MARKETING_VERSION = 1.0;
				PRODUCT_BUNDLE_IDENTIFIER = com.cards.com.CardsTests;
				PRODUCT_NAME = "$(TARGET_NAME)";
				SUPPORTED_PLATFORMS = "iphoneos iphonesimulator";
				SUPPORTS_MACCATALYST = NO;
				SUPPORTS_MAC_DESIGNED_FOR_IPHONE_IPAD = NO;
				SUPPORTS_XR_DESIGNED_FOR_IPHONE_IPAD = NO;
				SWIFT_EMIT_LOC_STRINGS = NO;
				SWIFT_VERSION = 5.0;
				TARGETED_DEVICE_FAMILY = 1;
				TEST_HOST = "$(BUILT_PRODUCTS_DIR)/Cards.app/$(BUNDLE_EXECUTABLE_FOLDER_PATH)/Cards";
			};
			name = Debug;
		};
		B4AE08862C53701300643F06 /* Release */ = {
			isa = XCBuildConfiguration;
			buildSettings = {
				ALWAYS_EMBED_SWIFT_STANDARD_LIBRARIES = YES;
				BUNDLE_LOADER = "$(TEST_HOST)";
				CODE_SIGN_STYLE = Automatic;
				CURRENT_PROJECT_VERSION = 1;
				DEVELOPMENT_TEAM = 9Y7K2Z6N3D;
				GENERATE_INFOPLIST_FILE = YES;
				IPHONEOS_DEPLOYMENT_TARGET = 16.0;
				MARKETING_VERSION = 1.0;
				PRODUCT_BUNDLE_IDENTIFIER = com.cards.com.CardsTests;
				PRODUCT_NAME = "$(TARGET_NAME)";
				SUPPORTED_PLATFORMS = "iphoneos iphonesimulator";
				SUPPORTS_MACCATALYST = NO;
				SUPPORTS_MAC_DESIGNED_FOR_IPHONE_IPAD = NO;
				SUPPORTS_XR_DESIGNED_FOR_IPHONE_IPAD = NO;
				SWIFT_EMIT_LOC_STRINGS = NO;
				SWIFT_VERSION = 5.0;
				TARGETED_DEVICE_FAMILY = 1;
				TEST_HOST = "$(BUILT_PRODUCTS_DIR)/Cards.app/$(BUNDLE_EXECUTABLE_FOLDER_PATH)/Cards";
			};
			name = Release;
		};
/* End XCBuildConfiguration section */

/* Begin XCConfigurationList section */
		B4AE08582C53701200643F06 /* Build configuration list for PBXProject "Cards" */ = {
			isa = XCConfigurationList;
			buildConfigurations = (
				B4AE087F2C53701300643F06 /* Debug */,
				B4AE08802C53701300643F06 /* Release */,
			);
			defaultConfigurationIsVisible = 0;
			defaultConfigurationName = Release;
		};
		B4AE08812C53701300643F06 /* Build configuration list for PBXNativeTarget "Cards" */ = {
			isa = XCConfigurationList;
			buildConfigurations = (
				B4AE08822C53701300643F06 /* Debug */,
				B4AE08832C53701300643F06 /* Release */,
			);
			defaultConfigurationIsVisible = 0;
			defaultConfigurationName = Release;
		};
		B4AE08842C53701300643F06 /* Build configuration list for PBXNativeTarget "CardsTests" */ = {
			isa = XCConfigurationList;
			buildConfigurations = (
				B4AE08852C53701300643F06 /* Debug */,
				B4AE08862C53701300643F06 /* Release */,
			);
			defaultConfigurationIsVisible = 0;
			defaultConfigurationName = Release;
		};
/* End XCConfigurationList section */
	};
	rootObject = B4AE08552C53701200643F06 /* Project object */;
}
